
Microsoft Visual Studio Solution File, Format Version 12.00
# Visual Studio Version 16
VisualStudioVersion = 16.0.29418.71
MinimumVisualStudioVersion = 10.0.40219.1
Project("{FAE04EC0-301F-11D3-BF4B-00C04F79EFBC}") = "EFGetStarted", "EFGetStarted\EFGetStarted.csproj", "{9C4D1A02-C2E3-4CA4-9289-B8B4DE9B32A2}"
EndProject
Global
	GlobalSection(SolutionConfigurationPlatforms) = preSolution
		Debug|Any CPU = Debug|Any CPU
		Release|Any CPU = Release|Any CPU
	EndGlobalSection
	GlobalSection(ProjectConfigurationPlatforms) = postSolution
		{9C4D1A02-C2E3-4CA4-9289-B8B4DE9B32A2}.Debug|Any CPU.ActiveCfg = Debug|Any CPU
		{9C4D1A02-C2E3-4CA4-9289-B8B4DE9B32A2}.Debug|Any CPU.Build.0 = Debug|Any CPU
		{9C4D1A02-C2E3-4CA4-9289-B8B4DE9B32A2}.Release|Any CPU.ActiveCfg = Release|Any CPU
		{9C4D1A02-C2E3-4CA4-9289-B8B4DE9B32A2}.Release|Any CPU.Build.0 = Release|Any CPU
	EndGlobalSection
	GlobalSection(SolutionProperties) = preSolution
		HideSolutionNode = FALSE
	EndGlobalSection
	GlobalSection(ExtensibilityGlobals) = postSolution
		SolutionGuid = {BEC12C18-8C21-4E8B-9011-776EC9D2AD38}
	EndGlobalSection
EndGlobal
